
Microsoft Visual Studio Solution File, Format Version 12.00
# Visual Studio Version 17
VisualStudioVersion = 17.5.33530.505
MinimumVisualStudioVersion = 10.0.40219.1
Project("{8BC9CEB8-8B4A-11D0-8D11-00A0C91BC942}") = "SimpleClient", "SimpleClient\SimpleClient.vcxproj", "{66260582-97E4-45A7-B598-D36CB8CD16BC}"
EndProject
Global
	GlobalSection(SolutionConfigurationPlatforms) = preSolution
		Debug|x64 = Debug|x64
		Debug|x86 = Debug|x86
		Release|x64 = Release|x64
		Release|x86 = Release|x86
	EndGlobalSection
	GlobalSection(ProjectConfigurationPlatforms) = postSolution
		{66260582-97E4-45A7-B598-D36CB8CD16BC}.Debug|x64.ActiveCfg = Debug|x64
		{66260582-97E4-45A7-B598-D36CB8CD16BC}.Debug|x64.Build.0 = Debug|x64
		{66260582-97E4-45A7-B598-D36CB8CD16BC}.Debug|x86.ActiveCfg = Debug|Win32
		{66260582-97E4-45A7-B598-D36CB8CD16BC}.Debug|x86.Build.0 = Debug|Win32
		{66260582-97E4-45A7-B598-D36CB8CD16BC}.Release|x64.ActiveCfg = Release|x64
		{66260582-97E4-45A7-B598-D36CB8CD16BC}.Release|x64.Build.0 = Release|x64
		{66260582-97E4-45A7-B598-D36CB8CD16BC}.Release|x86.ActiveCfg = Release|Win32
		{66260582-97E4-45A7-B598-D36CB8CD16BC}.Release|x86.Build.0 = Release|Win32
	EndGlobalSection
	GlobalSection(SolutionProperties) = preSolution
		HideSolutionNode = FALSE
	EndGlobalSection
	GlobalSection(ExtensibilityGlobals) = postSolution
		SolutionGuid = {A664FB2A-FFFD-47D8-983D-7CF0A45823E7}
	EndGlobalSection
EndGlobal
